PODS:
  - SavannaKit (0.9.0)
  - SourceEditor (1.0.1):
    - SavannaKit (~> 0.9)
  - STPrivilegedTask (1.0.1)

DEPENDENCIES:
  - SavannaKit (from `../../Tools/savannakit`)
  - SourceEditor (from `https://github.com/ronaldmannak/source-editor.git`)
  - STPrivilegedTask

SPEC REPOS:
  https://github.com/cocoapods/specs.git:
    - STPrivilegedTask

EXTERNAL SOURCES:
  SavannaKit:
    :path: "../../Tools/savannakit"
  SourceEditor:
    :git: https://github.com/ronaldmannak/source-editor.git

CHECKOUT OPTIONS:
  SourceEditor:
    :commit: af9cb5b75bba44ad72da98cb06798adc70ecccd2
    :git: https://github.com/ronaldmannak/source-editor.git

SPEC CHECKSUMS:
  SavannaKit: 307efa0be63cad347853b468880915a3090c336e
  SourceEditor: 4d590385d642c812d08a91941a4bfc90eccf20af
  STPrivilegedTask: 103f97827454e786074640cf89d303be344498c7

PODFILE CHECKSUM: 7849e33e9a46f7593890f522b13d7208c3d22393

COCOAPODS: 1.5.3
