// !$*UTF8*$!
{
	archiveVersion = 1;
	classes = {
	};
	objectVersion = 50;
	objects = {

/* Begin PBXBuildFile section */
		A65EACAEBBF7D4F00853C9CA /* Pods_ZKPlayground.framework in Frameworks */ = {isa = PBXBuildFile; fileRef = 83170E42F68463E28F6F0899 /* Pods_ZKPlayground.framework */; };
		BB2ADA80B31BE381C953C669 /* Pods_ZKPlaygroundTests.framework in Frameworks */ = {isa = PBXBuildFile; fileRef = 56BB4DA73188D01F0CD93F59 /* Pods_ZKPlaygroundTests.framework */; };
		C7350A37224AF87800569FD4 /* ZokratesLexer.swift in Sources */ = {isa = PBXBuildFile; fileRef = C7350A36224AF87800569FD4 /* ZokratesLexer.swift */; };
		C7350A39224CA28500569FD4 /* Argument.swift in Sources */ = {isa = PBXBuildFile; fileRef = C7350A38224CA28500569FD4 /* Argument.swift */; };
		C7350A3B224D381700569FD4 /* Inspector.storyboard in Resources */ = {isa = PBXBuildFile; fileRef = C7350A3A224D381700569FD4 /* Inspector.storyboard */; };
		C7350A3D224D7DAA00569FD4 /* ArgumentStackView.swift in Sources */ = {isa = PBXBuildFile; fileRef = C7350A3C224D7DAA00569FD4 /* ArgumentStackView.swift */; };
		C7350A3F224DE2E200569FD4 /* ArgumentView.xib in Resources */ = {isa = PBXBuildFile; fileRef = C7350A3E224DE2E200569FD4 /* ArgumentView.xib */; };
		C764DC5C2257B2AA0042B122 /* Templates in Resources */ = {isa = PBXBuildFile; fileRef = C764DC5B2257B2AA0042B122 /* Templates */; };
		C764DC5F2257B3E40042B122 /* Templates.storyboard in Resources */ = {isa = PBXBuildFile; fileRef = C764DC5E2257B3E40042B122 /* Templates.storyboard */; };
		C764DC612257B3F60042B122 /* TemplatesViewController.swift in Sources */ = {isa = PBXBuildFile; fileRef = C764DC602257B3F60042B122 /* TemplatesViewController.swift */; };
		C764DC64225C73250042B122 /* ZokratesInterface.swift in Sources */ = {isa = PBXBuildFile; fileRef = C764DC63225C73250042B122 /* ZokratesInterface.swift */; };
		C764DC66225C732E0042B122 /* SnarkyInterface.swift in Sources */ = {isa = PBXBuildFile; fileRef = C764DC65225C732E0042B122 /* SnarkyInterface.swift */; };
		C764DC68225C742E0042B122 /* InterfaceProtocol.swift in Sources */ = {isa = PBXBuildFile; fileRef = C764DC67225C742E0042B122 /* InterfaceProtocol.swift */; };
		C76F0A8C22518043002B275B /* TimeInterval.swift in Sources */ = {isa = PBXBuildFile; fileRef = C76F0A8B22518043002B275B /* TimeInterval.swift */; };
		C76F0A8E2251943F002B275B /* BuildPhase.swift in Sources */ = {isa = PBXBuildFile; fileRef = C76F0A8D2251943F002B275B /* BuildPhase.swift */; };
		C76F0A902252D167002B275B /* BuildPhaseView.xib in Resources */ = {isa = PBXBuildFile; fileRef = C76F0A8F2252D167002B275B /* BuildPhaseView.xib */; };
		C76F0A922252D8A0002B275B /* BuildPhaseStackView.swift in Sources */ = {isa = PBXBuildFile; fileRef = C76F0A912252D8A0002B275B /* BuildPhaseStackView.swift */; };
		C78A91CA22488BA00033233E /* NSColor.swift in Sources */ = {isa = PBXBuildFile; fileRef = C78A91C922488BA00033233E /* NSColor.swift */; };
		C78A92442248ADD60033233E /* CompilerError.swift in Sources */ = {isa = PBXBuildFile; fileRef = C78A92432248ADD60033233E /* CompilerError.swift */; };
		C78A92462248AF3A0033233E /* String.swift in Sources */ = {isa = PBXBuildFile; fileRef = C78A92452248AF3A0033233E /* String.swift */; };
		C79BE65D2255765C00325471 /* slice1_512@2x.png in Resources */ = {isa = PBXBuildFile; fileRef = C79BE65C2255765C00325471 /* slice1_512@2x.png */; };
		C7AE8A6022434E55001EC64A /* AppDelegate.swift in Sources */ = {isa = PBXBuildFile; fileRef = C7AE8A5F22434E55001EC64A /* AppDelegate.swift */; };
		C7AE8A6422434E55001EC64A /* Document.swift in Sources */ = {isa = PBXBuildFile; fileRef = C7AE8A6322434E55001EC64A /* Document.swift */; };
		C7AE8A6622434E59001EC64A /* Assets.xcassets in Resources */ = {isa = PBXBuildFile; fileRef = C7AE8A6522434E59001EC64A /* Assets.xcassets */; };
		C7AE8A6922434E59001EC64A /* Main.storyboard in Resources */ = {isa = PBXBuildFile; fileRef = C7AE8A6722434E59001EC64A /* Main.storyboard */; };
		C7AE8A7522434E59001EC64A /* ZKPlaygroundTests.swift in Sources */ = {isa = PBXBuildFile; fileRef = C7AE8A7422434E59001EC64A /* ZKPlaygroundTests.swift */; };
		C7AE8A8322436486001EC64A /* StatusViewController.swift in Sources */ = {isa = PBXBuildFile; fileRef = C7AE8A8222436486001EC64A /* StatusViewController.swift */; };
		C7AE8A8522436497001EC64A /* LogViewController.swift in Sources */ = {isa = PBXBuildFile; fileRef = C7AE8A8422436497001EC64A /* LogViewController.swift */; };
		C7AE8A8722436604001EC64A /* EditorViewController.swift in Sources */ = {isa = PBXBuildFile; fileRef = C7AE8A8622436604001EC64A /* EditorViewController.swift */; };
		C7AE8A9022436B37001EC64A /* ZKError.swift in Sources */ = {isa = PBXBuildFile; fileRef = C7AE8A8F22436B37001EC64A /* ZKError.swift */; };
		C7AE8A9222442EE6001EC64A /* EditorWindowController.swift in Sources */ = {isa = PBXBuildFile; fileRef = C7AE8A9122442EE6001EC64A /* EditorWindowController.swift */; };
		C7AE8A94224430B0001EC64A /* SplitViewController.swift in Sources */ = {isa = PBXBuildFile; fileRef = C7AE8A93224430B0001EC64A /* SplitViewController.swift */; };
		C7AE8A9622443135001EC64A /* InspectorViewController.swift in Sources */ = {isa = PBXBuildFile; fileRef = C7AE8A9522443135001EC64A /* InspectorViewController.swift */; };
		C7AE8A9A22445986001EC64A /* ShellOperation.swift in Sources */ = {isa = PBXBuildFile; fileRef = C7AE8A97224443BA001EC64A /* ShellOperation.swift */; };
/* End PBXBuildFile section */

/* Begin PBXContainerItemProxy section */
		C7AE8A7122434E59001EC64A /* PBXContainerItemProxy */ = {
			isa = PBXContainerItemProxy;
			containerPortal = C7AE8A5422434E55001EC64A /* Project object */;
			proxyType = 1;
			remoteGlobalIDString = C7AE8A5B22434E55001EC64A;
			remoteInfo = ZKPlayground;
		};
/* End PBXContainerItemProxy section */

/* Begin PBXFileReference section */
		526210C7FBCB42D5498BCA55 /* Pods-ZKPlaygroundTests.debug.xcconfig */ = {isa = PBXFileReference; includeInIndex = 1; lastKnownFileType = text.xcconfig; name = "Pods-ZKPlaygroundTests.debug.xcconfig"; path = "Pods/Target Support Files/Pods-ZKPlaygroundTests/Pods-ZKPlaygroundTests.debug.xcconfig"; sourceTree = "<group>"; };
		56BB4DA73188D01F0CD93F59 /* Pods_ZKPlaygroundTests.framework */ = {isa = PBXFileReference; explicitFileType = wrapper.framework; includeInIndex = 0; path = Pods_ZKPlaygroundTests.framework; sourceTree = BUILT_PRODUCTS_DIR; };
		5BA9AA319AFCAAB284D17829 /* Pods-ZKPlayground.release.xcconfig */ = {isa = PBXFileReference; includeInIndex = 1; lastKnownFileType = text.xcconfig; name = "Pods-ZKPlayground.release.xcconfig"; path = "Pods/Target Support Files/Pods-ZKPlayground/Pods-ZKPlayground.release.xcconfig"; sourceTree = "<group>"; };
		83170E42F68463E28F6F0899 /* Pods_ZKPlayground.framework */ = {isa = PBXFileReference; explicitFileType = wrapper.framework; includeInIndex = 0; path = Pods_ZKPlayground.framework; sourceTree = BUILT_PRODUCTS_DIR; };
		C7350A36224AF87800569FD4 /* ZokratesLexer.swift */ = {isa = PBXFileReference; fileEncoding = 4; lastKnownFileType = sourcecode.swift; path = ZokratesLexer.swift; sourceTree = "<group>"; };
		C7350A38224CA28500569FD4 /* Argument.swift */ = {isa = PBXFileReference; lastKnownFileType = sourcecode.swift; path = Argument.swift; sourceTree = "<group>"; };
		C7350A3A224D381700569FD4 /* Inspector.storyboard */ = {isa = PBXFileReference; lastKnownFileType = file.storyboard; path = Inspector.storyboard; sourceTree = "<group>"; };
		C7350A3C224D7DAA00569FD4 /* ArgumentStackView.swift */ = {isa = PBXFileReference; lastKnownFileType = sourcecode.swift; path = ArgumentStackView.swift; sourceTree = "<group>"; };
		C7350A3E224DE2E200569FD4 /* ArgumentView.xib */ = {isa = PBXFileReference; lastKnownFileType = file.xib; path = ArgumentView.xib; sourceTree = "<group>"; };
		C764DC5B2257B2AA0042B122 /* Templates */ = {isa = PBXFileReference; lastKnownFileType = folder; path = Templates; sourceTree = "<group>"; };
		C764DC5E2257B3E40042B122 /* Templates.storyboard */ = {isa = PBXFileReference; lastKnownFileType = file.storyboard; path = Templates.storyboard; sourceTree = "<group>"; };
		C764DC602257B3F60042B122 /* TemplatesViewController.swift */ = {isa = PBXFileReference; lastKnownFileType = sourcecode.swift; path = TemplatesViewController.swift; sourceTree = "<group>"; };
		C764DC63225C73250042B122 /* ZokratesInterface.swift */ = {isa = PBXFileReference; lastKnownFileType = sourcecode.swift; path = ZokratesInterface.swift; sourceTree = "<group>"; };
		C764DC65225C732E0042B122 /* SnarkyInterface.swift */ = {isa = PBXFileReference; lastKnownFileType = sourcecode.swift; path = SnarkyInterface.swift; sourceTree = "<group>"; };
		C764DC67225C742E0042B122 /* InterfaceProtocol.swift */ = {isa = PBXFileReference; lastKnownFileType = sourcecode.swift; path = InterfaceProtocol.swift; sourceTree = "<group>"; };
		C76F0A8B22518043002B275B /* TimeInterval.swift */ = {isa = PBXFileReference; lastKnownFileType = sourcecode.swift; path = TimeInterval.swift; sourceTree = "<group>"; };
		C76F0A8D2251943F002B275B /* BuildPhase.swift */ = {isa = PBXFileReference; lastKnownFileType = sourcecode.swift; path = BuildPhase.swift; sourceTree = "<group>"; };
		C76F0A8F2252D167002B275B /* BuildPhaseView.xib */ = {isa = PBXFileReference; lastKnownFileType = file.xib; path = BuildPhaseView.xib; sourceTree = "<group>"; };
		C76F0A912252D8A0002B275B /* BuildPhaseStackView.swift */ = {isa = PBXFileReference; lastKnownFileType = sourcecode.swift; path = BuildPhaseStackView.swift; sourceTree = "<group>"; };
		C78A91C922488BA00033233E /* NSColor.swift */ = {isa = PBXFileReference; lastKnownFileType = sourcecode.swift; path = NSColor.swift; sourceTree = "<group>"; };
		C78A92432248ADD60033233E /* CompilerError.swift */ = {isa = PBXFileReference; lastKnownFileType = sourcecode.swift; path = CompilerError.swift; sourceTree = "<group>"; };
		C78A92452248AF3A0033233E /* String.swift */ = {isa = PBXFileReference; lastKnownFileType = sourcecode.swift; path = String.swift; sourceTree = "<group>"; };
		C79BE65C2255765C00325471 /* slice1_512@2x.png */ = {isa = PBXFileReference; lastKnownFileType = image.png; path = "slice1_512@2x.png"; sourceTree = "<group>"; };
		C7AE8A5C22434E55001EC64A /* ZKPlayground.app */ = {isa = PBXFileReference; explicitFileType = wrapper.application; includeInIndex = 0; path = ZKPlayground.app; sourceTree = BUILT_PRODUCTS_DIR; };
		C7AE8A5F22434E55001EC64A /* AppDelegate.swift */ = {isa = PBXFileReference; lastKnownFileType = sourcecode.swift; path = AppDelegate.swift; sourceTree = "<group>"; };
		C7AE8A6122434E55001EC64A /* ViewController.swift */ = {isa = PBXFileReference; lastKnownFileType = sourcecode.swift; path = ViewController.swift; sourceTree = "<group>"; };
		C7AE8A6322434E55001EC64A /* Document.swift */ = {isa = PBXFileReference; lastKnownFileType = sourcecode.swift; path = Document.swift; sourceTree = "<group>"; };
		C7AE8A6522434E59001EC64A /* Assets.xcassets */ = {isa = PBXFileReference; lastKnownFileType = folder.assetcatalog; path = Assets.xcassets; sourceTree = "<group>"; };
		C7AE8A6822434E59001EC64A /* Base */ = {isa = PBXFileReference; lastKnownFileType = file.storyboard; name = Base; path = Base.lproj/Main.storyboard; sourceTree = "<group>"; };
		C7AE8A6A22434E59001EC64A /* Info.plist */ = {isa = PBXFileReference; lastKnownFileType = text.plist.xml; path = Info.plist; sourceTree = "<group>"; };
		C7AE8A6B22434E59001EC64A /* ZKPlayground.entitlements */ = {isa = PBXFileReference; lastKnownFileType = text.plist.entitlements; path = ZKPlayground.entitlements; sourceTree = "<group>"; };
		C7AE8A7022434E59001EC64A /* ZKPlaygroundTests.xctest */ = {isa = PBXFileReference; explicitFileType = wrapper.cfbundle; includeInIndex = 0; path = ZKPlaygroundTests.xctest; sourceTree = BUILT_PRODUCTS_DIR; };
		C7AE8A7422434E59001EC64A /* ZKPlaygroundTests.swift */ = {isa = PBXFileReference; lastKnownFileType = sourcecode.swift; path = ZKPlaygroundTests.swift; sourceTree = "<group>"; };
		C7AE8A7622434E59001EC64A /* Info.plist */ = {isa = PBXFileReference; lastKnownFileType = text.plist.xml; path = Info.plist; sourceTree = "<group>"; };
		C7AE8A8222436486001EC64A /* StatusViewController.swift */ = {isa = PBXFileReference; lastKnownFileType = sourcecode.swift; path = StatusViewController.swift; sourceTree = "<group>"; };
		C7AE8A8422436497001EC64A /* LogViewController.swift */ = {isa = PBXFileReference; lastKnownFileType = sourcecode.swift; path = LogViewController.swift; sourceTree = "<group>"; };
		C7AE8A8622436604001EC64A /* EditorViewController.swift */ = {isa = PBXFileReference; lastKnownFileType = sourcecode.swift; path = EditorViewController.swift; sourceTree = "<group>"; };
		C7AE8A8F22436B37001EC64A /* ZKError.swift */ = {isa = PBXFileReference; lastKnownFileType = sourcecode.swift; path = ZKError.swift; sourceTree = "<group>"; };
		C7AE8A9122442EE6001EC64A /* EditorWindowController.swift */ = {isa = PBXFileReference; lastKnownFileType = sourcecode.swift; path = EditorWindowController.swift; sourceTree = "<group>"; };
		C7AE8A93224430B0001EC64A /* SplitViewController.swift */ = {isa = PBXFileReference; lastKnownFileType = sourcecode.swift; path = SplitViewController.swift; sourceTree = "<group>"; };
		C7AE8A9522443135001EC64A /* InspectorViewController.swift */ = {isa = PBXFileReference; lastKnownFileType = sourcecode.swift; path = InspectorViewController.swift; sourceTree = "<group>"; };
		C7AE8A97224443BA001EC64A /* ShellOperation.swift */ = {isa = PBXFileReference; lastKnownFileType = sourcecode.swift; path = ShellOperation.swift; sourceTree = "<group>"; };
		CD92BEDFC397D6BE20E8D2FE /* Pods-ZKPlaygroundTests.release.xcconfig */ = {isa = PBXFileReference; includeInIndex = 1; lastKnownFileType = text.xcconfig; name = "Pods-ZKPlaygroundTests.release.xcconfig"; path = "Pods/Target Support Files/Pods-ZKPlaygroundTests/Pods-ZKPlaygroundTests.release.xcconfig"; sourceTree = "<group>"; };
		DF75002819B65626EA81721D /* Pods-ZKPlayground.debug.xcconfig */ = {isa = PBXFileReference; includeInIndex = 1; lastKnownFileType = text.xcconfig; name = "Pods-ZKPlayground.debug.xcconfig"; path = "Pods/Target Support Files/Pods-ZKPlayground/Pods-ZKPlayground.debug.xcconfig"; sourceTree = "<group>"; };
/* End PBXFileReference section */

/* Begin PBXFrameworksBuildPhase section */
		C7AE8A5922434E55001EC64A /* Frameworks */ = {
			isa = PBXFrameworksBuildPhase;
			buildActionMask = 2147483647;
			files = (
				A65EACAEBBF7D4F00853C9CA /* Pods_ZKPlayground.framework in Frameworks */,
			);
			runOnlyForDeploymentPostprocessing = 0;
		};
		C7AE8A6D22434E59001EC64A /* Frameworks */ = {
			isa = PBXFrameworksBuildPhase;
			buildActionMask = 2147483647;
			files = (
				BB2ADA80B31BE381C953C669 /* Pods_ZKPlaygroundTests.framework in Frameworks */,
			);
			runOnlyForDeploymentPostprocessing = 0;
		};
/* End PBXFrameworksBuildPhase section */

/* Begin PBXGroup section */
		5E38E3451B62FEA7EAFF18CA /* Frameworks */ = {
			isa = PBXGroup;
			children = (
				83170E42F68463E28F6F0899 /* Pods_ZKPlayground.framework */,
				56BB4DA73188D01F0CD93F59 /* Pods_ZKPlaygroundTests.framework */,
			);
			name = Frameworks;
			sourceTree = "<group>";
		};
		C764DC5D2257B3B80042B122 /* Template Window */ = {
			isa = PBXGroup;
			children = (
				C764DC5E2257B3E40042B122 /* Templates.storyboard */,
				C764DC602257B3F60042B122 /* TemplatesViewController.swift */,
			);
			name = "Template Window";
			path = "New Group";
			sourceTree = "<group>";
		};
		C764DC62225C73160042B122 /* Interfaces */ = {
			isa = PBXGroup;
			children = (
				C764DC63225C73250042B122 /* ZokratesInterface.swift */,
				C764DC65225C732E0042B122 /* SnarkyInterface.swift */,
				C764DC67225C742E0042B122 /* InterfaceProtocol.swift */,
			);
			path = Interfaces;
			sourceTree = "<group>";
		};
		C76F0A932252EAB2002B275B /* Inspector */ = {
			isa = PBXGroup;
			children = (
				C7AE8A9522443135001EC64A /* InspectorViewController.swift */,
				C7350A3C224D7DAA00569FD4 /* ArgumentStackView.swift */,
				C76F0A912252D8A0002B275B /* BuildPhaseStackView.swift */,
			);
			path = Inspector;
			sourceTree = "<group>";
		};
		C78A91C3224718390033233E /* Shell Operations */ = {
			isa = PBXGroup;
			children = (
				C7AE8A97224443BA001EC64A /* ShellOperation.swift */,
			);
			path = "Shell Operations";
			sourceTree = "<group>";
		};
		C78A91C822488B970033233E /* Extensions */ = {
			isa = PBXGroup;
			children = (
				C78A91C922488BA00033233E /* NSColor.swift */,
				C78A92452248AF3A0033233E /* String.swift */,
				C76F0A8B22518043002B275B /* TimeInterval.swift */,
			);
			path = Extensions;
			sourceTree = "<group>";
		};
		C7AE8A5322434E55001EC64A = {
			isa = PBXGroup;
			children = (
				C7AE8A5E22434E55001EC64A /* ZKPlayground */,
				C7AE8A7322434E59001EC64A /* ZKPlaygroundTests */,
				C7AE8A5D22434E55001EC64A /* Products */,
				E88272143AD85EBA37FC3F4E /* Pods */,
				5E38E3451B62FEA7EAFF18CA /* Frameworks */,
			);
			sourceTree = "<group>";
		};
		C7AE8A5D22434E55001EC64A /* Products */ = {
			isa = PBXGroup;
			children = (
				C7AE8A5C22434E55001EC64A /* ZKPlayground.app */,
				C7AE8A7022434E59001EC64A /* ZKPlaygroundTests.xctest */,
			);
			name = Products;
			sourceTree = "<group>";
		};
		C7AE8A5E22434E55001EC64A /* ZKPlayground */ = {
			isa = PBXGroup;
			children = (
				C764DC5B2257B2AA0042B122 /* Templates */,
				C764DC5D2257B3B80042B122 /* Template Window */,
				C7AE8A8122436470001EC64A /* Editor Window */,
				C7AE8A5F22434E55001EC64A /* AppDelegate.swift */,
				C78A91C3224718390033233E /* Shell Operations */,
				C7AE8A6122434E55001EC64A /* ViewController.swift */,
				C7AE8A6322434E55001EC64A /* Document.swift */,
				C7AE8A8F22436B37001EC64A /* ZKError.swift */,
				C78A92432248ADD60033233E /* CompilerError.swift */,
				C7350A38224CA28500569FD4 /* Argument.swift */,
				C76F0A8D2251943F002B275B /* BuildPhase.swift */,
				C764DC62225C73160042B122 /* Interfaces */,
				C78A91C822488B970033233E /* Extensions */,
				C7AE8A6522434E59001EC64A /* Assets.xcassets */,
				C7AE8A6722434E59001EC64A /* Main.storyboard */,
				C7350A3A224D381700569FD4 /* Inspector.storyboard */,
				C7350A3E224DE2E200569FD4 /* ArgumentView.xib */,
				C76F0A8F2252D167002B275B /* BuildPhaseView.xib */,
				C7AE8A6A22434E59001EC64A /* Info.plist */,
				C7AE8A6B22434E59001EC64A /* ZKPlayground.entitlements */,
				C79BE65C2255765C00325471 /* slice1_512@2x.png */,
			);
			path = ZKPlayground;
			sourceTree = "<group>";
		};
		C7AE8A7322434E59001EC64A /* ZKPlaygroundTests */ = {
			isa = PBXGroup;
			children = (
				C7AE8A7422434E59001EC64A /* ZKPlaygroundTests.swift */,
				C7AE8A7622434E59001EC64A /* Info.plist */,
			);
			path = ZKPlaygroundTests;
			sourceTree = "<group>";
		};
		C7AE8A8122436470001EC64A /* Editor Window */ = {
			isa = PBXGroup;
			children = (
				C7AE8A8222436486001EC64A /* StatusViewController.swift */,
				C7AE8A8422436497001EC64A /* LogViewController.swift */,
				C7AE8A8622436604001EC64A /* EditorViewController.swift */,
				C7AE8A9122442EE6001EC64A /* EditorWindowController.swift */,
				C7AE8A93224430B0001EC64A /* SplitViewController.swift */,
				C7350A36224AF87800569FD4 /* ZokratesLexer.swift */,
				C76F0A932252EAB2002B275B /* Inspector */,
			);
			path = "Editor Window";
			sourceTree = "<group>";
		};
		E88272143AD85EBA37FC3F4E /* Pods */ = {
			isa = PBXGroup;
			children = (
				DF75002819B65626EA81721D /* Pods-ZKPlayground.debug.xcconfig */,
				5BA9AA319AFCAAB284D17829 /* Pods-ZKPlayground.release.xcconfig */,
				526210C7FBCB42D5498BCA55 /* Pods-ZKPlaygroundTests.debug.xcconfig */,
				CD92BEDFC397D6BE20E8D2FE /* Pods-ZKPlaygroundTests.release.xcconfig */,
			);
			name = Pods;
			sourceTree = "<group>";
		};
/* End PBXGroup section */

/* Begin PBXNativeTarget section */
		C7AE8A5B22434E55001EC64A /* ZKPlayground */ = {
			isa = PBXNativeTarget;
			buildConfigurationList = C7AE8A7922434E59001EC64A /* Build configuration list for PBXNativeTarget "ZKPlayground" */;
			buildPhases = (
				5911F12BEA1E381C10EDCF7A /* [CP] Check Pods Manifest.lock */,
				C7AE8A5822434E55001EC64A /* Sources */,
				C7AE8A5922434E55001EC64A /* Frameworks */,
				C7AE8A5A22434E55001EC64A /* Resources */,
				101DC0314AAF0B9225C0472A /* [CP] Embed Pods Frameworks */,
			);
			buildRules = (
			);
			dependencies = (
			);
			name = ZKPlayground;
			productName = ZKPlayground;
			productReference = C7AE8A5C22434E55001EC64A /* ZKPlayground.app */;
			productType = "com.apple.product-type.application";
		};
		C7AE8A6F22434E59001EC64A /* ZKPlaygroundTests */ = {
			isa = PBXNativeTarget;
			buildConfigurationList = C7AE8A7C22434E59001EC64A /* Build configuration list for PBXNativeTarget "ZKPlaygroundTests" */;
			buildPhases = (
				A615A66EAB0F2F026CAD86C0 /* [CP] Check Pods Manifest.lock */,
				C7AE8A6C22434E59001EC64A /* Sources */,
				C7AE8A6D22434E59001EC64A /* Frameworks */,
				C7AE8A6E22434E59001EC64A /* Resources */,
			);
			buildRules = (
			);
			dependencies = (
				C7AE8A7222434E59001EC64A /* PBXTargetDependency */,
			);
			name = ZKPlaygroundTests;
			productName = ZKPlaygroundTests;
			productReference = C7AE8A7022434E59001EC64A /* ZKPlaygroundTests.xctest */;
			productType = "com.apple.product-type.bundle.unit-test";
		};
/* End PBXNativeTarget section */

/* Begin PBXProject section */
		C7AE8A5422434E55001EC64A /* Project object */ = {
			isa = PBXProject;
			attributes = {
				LastSwiftUpdateCheck = 1010;
				LastUpgradeCheck = 1010;
				ORGANIZATIONNAME = "A Puzzle A Day";
				TargetAttributes = {
					C7AE8A5B22434E55001EC64A = {
						CreatedOnToolsVersion = 10.1;
						SystemCapabilities = {
							com.apple.HardenedRuntime = {
								enabled = 1;
							};
							com.apple.Sandbox = {
								enabled = 0;
							};
						};
					};
					C7AE8A6F22434E59001EC64A = {
						CreatedOnToolsVersion = 10.1;
						TestTargetID = C7AE8A5B22434E55001EC64A;
					};
				};
			};
			buildConfigurationList = C7AE8A5722434E55001EC64A /* Build configuration list for PBXProject "ZKPlayground" */;
			compatibilityVersion = "Xcode 9.3";
			developmentRegion = en;
			hasScannedForEncodings = 0;
			knownRegions = (
				en,
				Base,
			);
			mainGroup = C7AE8A5322434E55001EC64A;
			productRefGroup = C7AE8A5D22434E55001EC64A /* Products */;
			projectDirPath = "";
			projectRoot = "";
			targets = (
				C7AE8A5B22434E55001EC64A /* ZKPlayground */,
				C7AE8A6F22434E59001EC64A /* ZKPlaygroundTests */,
			);
		};
/* End PBXProject section */

/* Begin PBXResourcesBuildPhase section */
		C7AE8A5A22434E55001EC64A /* Resources */ = {
			isa = PBXResourcesBuildPhase;
			buildActionMask = 2147483647;
			files = (
				C76F0A902252D167002B275B /* BuildPhaseView.xib in Resources */,
				C7AE8A6622434E59001EC64A /* Assets.xcassets in Resources */,
				C764DC5F2257B3E40042B122 /* Templates.storyboard in Resources */,
				C7350A3B224D381700569FD4 /* Inspector.storyboard in Resources */,
				C7AE8A6922434E59001EC64A /* Main.storyboard in Resources */,
				C764DC5C2257B2AA0042B122 /* Templates in Resources */,
				C79BE65D2255765C00325471 /* slice1_512@2x.png in Resources */,
				C7350A3F224DE2E200569FD4 /* ArgumentView.xib in Resources */,
			);
			runOnlyForDeploymentPostprocessing = 0;
		};
		C7AE8A6E22434E59001EC64A /* Resources */ = {
			isa = PBXResourcesBuildPhase;
			buildActionMask = 2147483647;
			files = (
			);
			runOnlyForDeploymentPostprocessing = 0;
		};
/* End PBXResourcesBuildPhase section */

/* Begin PBXShellScriptBuildPhase section */
		101DC0314AAF0B9225C0472A /* [CP] Embed Pods Frameworks */ = {
			isa = PBXShellScriptBuildPhase;
			buildActionMask = 2147483647;
			files = (
			);
			inputFileListPaths = (
			);
			inputPaths = (
				"${SRCROOT}/Pods/Target Support Files/Pods-ZKPlayground/Pods-ZKPlayground-frameworks.sh",
				"${BUILT_PRODUCTS_DIR}/SavannaKit/SavannaKit.framework",
				"${BUILT_PRODUCTS_DIR}/SourceEditor/SourceEditor.framework",
			);
			name = "[CP] Embed Pods Frameworks";
			outputFileListPaths = (
			);
			outputPaths = (
				"${TARGET_BUILD_DIR}/${FRAMEWORKS_FOLDER_PATH}/SavannaKit.framework",
				"${TARGET_BUILD_DIR}/${FRAMEWORKS_FOLDER_PATH}/SourceEditor.framework",
			);
			runOnlyForDeploymentPostprocessing = 0;
			shellPath = /bin/sh;
			shellScript = "\"${SRCROOT}/Pods/Target Support Files/Pods-ZKPlayground/Pods-ZKPlayground-frameworks.sh\"\n";
			showEnvVarsInLog = 0;
		};
		5911F12BEA1E381C10EDCF7A /* [CP] Check Pods Manifest.lock */ = {
			isa = PBXShellScriptBuildPhase;
			buildActionMask = 2147483647;
			files = (
			);
			inputFileListPaths = (
			);
			inputPaths = (
				"${PODS_PODFILE_DIR_PATH}/Podfile.lock",
				"${PODS_ROOT}/Manifest.lock",
			);
			name = "[CP] Check Pods Manifest.lock";
			outputFileListPaths = (
			);
			outputPaths = (
				"$(DERIVED_FILE_DIR)/Pods-ZKPlayground-checkManifestLockResult.txt",
			);
			runOnlyForDeploymentPostprocessing = 0;
			shellPath = /bin/sh;
			shellScript = "diff \"${PODS_PODFILE_DIR_PATH}/Podfile.lock\" \"${PODS_ROOT}/Manifest.lock\" > /dev/null\nif [ $? != 0 ] ; then\n    # print error to STDERR\n    echo \"error: The sandbox is not in sync with the Podfile.lock. Run 'pod install' or update your CocoaPods installation.\" >&2\n    exit 1\nfi\n# This output is used by Xcode 'outputs' to avoid re-running this script phase.\necho \"SUCCESS\" > \"${SCRIPT_OUTPUT_FILE_0}\"\n";
			showEnvVarsInLog = 0;
		};
		A615A66EAB0F2F026CAD86C0 /* [CP] Check Pods Manifest.lock */ = {
			isa = PBXShellScriptBuildPhase;
			buildActionMask = 2147483647;
			files = (
			);
			inputFileListPaths = (
			);
			inputPaths = (
				"${PODS_PODFILE_DIR_PATH}/Podfile.lock",
				"${PODS_ROOT}/Manifest.lock",
			);
			name = "[CP] Check Pods Manifest.lock";
			outputFileListPaths = (
			);
			outputPaths = (
				"$(DERIVED_FILE_DIR)/Pods-ZKPlaygroundTests-checkManifestLockResult.txt",
			);
			runOnlyForDeploymentPostprocessing = 0;
			shellPath = /bin/sh;
			shellScript = "diff \"${PODS_PODFILE_DIR_PATH}/Podfile.lock\" \"${PODS_ROOT}/Manifest.lock\" > /dev/null\nif [ $? != 0 ] ; then\n    # print error to STDERR\n    echo \"error: The sandbox is not in sync with the Podfile.lock. Run 'pod install' or update your CocoaPods installation.\" >&2\n    exit 1\nfi\n# This output is used by Xcode 'outputs' to avoid re-running this script phase.\necho \"SUCCESS\" > \"${SCRIPT_OUTPUT_FILE_0}\"\n";
			showEnvVarsInLog = 0;
		};
/* End PBXShellScriptBuildPhase section */

/* Begin PBXSourcesBuildPhase section */
		C7AE8A5822434E55001EC64A /* Sources */ = {
			isa = PBXSourcesBuildPhase;
			buildActionMask = 2147483647;
			files = (
				C76F0A8C22518043002B275B /* TimeInterval.swift in Sources */,
				C764DC64225C73250042B122 /* ZokratesInterface.swift in Sources */,
				C7AE8A9222442EE6001EC64A /* EditorWindowController.swift in Sources */,
				C7AE8A8322436486001EC64A /* StatusViewController.swift in Sources */,
				C7AE8A8722436604001EC64A /* EditorViewController.swift in Sources */,
				C7350A37224AF87800569FD4 /* ZokratesLexer.swift in Sources */,
				C78A91CA22488BA00033233E /* NSColor.swift in Sources */,
				C7AE8A8522436497001EC64A /* LogViewController.swift in Sources */,
				C7AE8A9622443135001EC64A /* InspectorViewController.swift in Sources */,
				C7350A3D224D7DAA00569FD4 /* ArgumentStackView.swift in Sources */,
				C764DC66225C732E0042B122 /* SnarkyInterface.swift in Sources */,
				C7AE8A9022436B37001EC64A /* ZKError.swift in Sources */,
				C764DC68225C742E0042B122 /* InterfaceProtocol.swift in Sources */,
				C7AE8A6022434E55001EC64A /* AppDelegate.swift in Sources */,
				C7AE8A9A22445986001EC64A /* ShellOperation.swift in Sources */,
				C7AE8A6422434E55001EC64A /* Document.swift in Sources */,
				C76F0A922252D8A0002B275B /* BuildPhaseStackView.swift in Sources */,
				C764DC612257B3F60042B122 /* TemplatesViewController.swift in Sources */,
				C7350A39224CA28500569FD4 /* Argument.swift in Sources */,
				C78A92462248AF3A0033233E /* String.swift in Sources */,
				C76F0A8E2251943F002B275B /* BuildPhase.swift in Sources */,
				C7AE8A94224430B0001EC64A /* SplitViewController.swift in Sources */,
				C78A92442248ADD60033233E /* CompilerError.swift in Sources */,
			);
			runOnlyForDeploymentPostprocessing = 0;
		};
		C7AE8A6C22434E59001EC64A /* Sources */ = {
			isa = PBXSourcesBuildPhase;
			buildActionMask = 2147483647;
			files = (
				C7AE8A7522434E59001EC64A /* ZKPlaygroundTests.swift in Sources */,
			);
			runOnlyForDeploymentPostprocessing = 0;
		};
/* End PBXSourcesBuildPhase section */

/* Begin PBXTargetDependency section */
		C7AE8A7222434E59001EC64A /* PBXTargetDependency */ = {
			isa = PBXTargetDependency;
			target = C7AE8A5B22434E55001EC64A /* ZKPlayground */;
			targetProxy = C7AE8A7122434E59001EC64A /* PBXContainerItemProxy */;
		};
/* End PBXTargetDependency section */

/* Begin PBXVariantGroup section */
		C7AE8A6722434E59001EC64A /* Main.storyboard */ = {
			isa = PBXVariantGroup;
			children = (
				C7AE8A6822434E59001EC64A /* Base */,
			);
			name = Main.storyboard;
			sourceTree = "<group>";
		};
/* End PBXVariantGroup section */

/* Begin XCBuildConfiguration section */
		C7AE8A7722434E59001EC64A /* Debug */ = {
			isa = XCBuildConfiguration;
			buildSettings = {
				ALWAYS_SEARCH_USER_PATHS = NO;
				CLANG_ANALYZER_NONNULL = YES;
				CLANG_ANALYZER_NUMBER_OBJECT_CONVERSION = YES_AGGRESSIVE;
				CLANG_CXX_LANGUAGE_STANDARD = "gnu++14";
				CLANG_CXX_LIBRARY = "libc++";
				CLANG_ENABLE_MODULES = YES;
				CLANG_ENABLE_OBJC_ARC = YES;
				CLANG_ENABLE_OBJC_WEAK = YES;
				CLANG_WARN_BLOCK_CAPTURE_AUTORELEASING = YES;
				CLANG_WARN_BOOL_CONVERSION = YES;
				CLANG_WARN_COMMA = YES;
				CLANG_WARN_CONSTANT_CONVERSION = YES;
				CLANG_WARN_DEPRECATED_OBJC_IMPLEMENTATIONS = YES;
				CLANG_WARN_DIRECT_OBJC_ISA_USAGE = YES_ERROR;
				CLANG_WARN_DOCUMENTATION_COMMENTS = YES;
				CLANG_WARN_EMPTY_BODY = YES;
				CLANG_WARN_ENUM_CONVERSION = YES;
				CLANG_WARN_INFINITE_RECURSION = YES;
				CLANG_WARN_INT_CONVERSION = YES;
				CLANG_WARN_NON_LITERAL_NULL_CONVERSION = YES;
				CLANG_WARN_OBJC_IMPLICIT_RETAIN_SELF = YES;
				CLANG_WARN_OBJC_LITERAL_CONVERSION = YES;
				CLANG_WARN_OBJC_ROOT_CLASS = YES_ERROR;
				CLANG_WARN_RANGE_LOOP_ANALYSIS = YES;
				CLANG_WARN_STRICT_PROTOTYPES = YES;
				CLANG_WARN_SUSPICIOUS_MOVE = YES;
				CLANG_WARN_UNGUARDED_AVAILABILITY = YES_AGGRESSIVE;
				CLANG_WARN_UNREACHABLE_CODE = YES;
				CLANG_WARN__DUPLICATE_METHOD_MATCH = YES;
				CODE_SIGN_IDENTITY = "Mac Developer";
				COPY_PHASE_STRIP = NO;
				DEBUG_INFORMATION_FORMAT = dwarf;
				ENABLE_STRICT_OBJC_MSGSEND = YES;
				ENABLE_TESTABILITY = YES;
				GCC_C_LANGUAGE_STANDARD = gnu11;
				GCC_DYNAMIC_NO_PIC = NO;
				GCC_NO_COMMON_BLOCKS = YES;
				GCC_OPTIMIZATION_LEVEL = 0;
				GCC_PREPROCESSOR_DEFINITIONS = (
					"DEBUG=1",
					"$(inherited)",
				);
				GCC_WARN_64_TO_32_BIT_CONVERSION = YES;
				GCC_WARN_ABOUT_RETURN_TYPE = YES_ERROR;
				GCC_WARN_UNDECLARED_SELECTOR = YES;
				GCC_WARN_UNINITIALIZED_AUTOS = YES_AGGRESSIVE;
				GCC_WARN_UNUSED_FUNCTION = YES;
				GCC_WARN_UNUSED_VARIABLE = YES;
				MACOSX_DEPLOYMENT_TARGET = 10.13;
				MTL_ENABLE_DEBUG_INFO = INCLUDE_SOURCE;
				MTL_FAST_MATH = YES;
				ONLY_ACTIVE_ARCH = YES;
				SDKROOT = macosx;
				SWIFT_ACTIVE_COMPILATION_CONDITIONS = DEBUG;
				SWIFT_OPTIMIZATION_LEVEL = "-Onone";
			};
			name = Debug;
		};
		C7AE8A7822434E59001EC64A /* Release */ = {
			isa = XCBuildConfiguration;
			buildSettings = {
				ALWAYS_SEARCH_USER_PATHS = NO;
				CLANG_ANALYZER_NONNULL = YES;
				CLANG_ANALYZER_NUMBER_OBJECT_CONVERSION = YES_AGGRESSIVE;
				CLANG_CXX_LANGUAGE_STANDARD = "gnu++14";
				CLANG_CXX_LIBRARY = "libc++";
				CLANG_ENABLE_MODULES = YES;
				CLANG_ENABLE_OBJC_ARC = YES;
				CLANG_ENABLE_OBJC_WEAK = YES;
				CLANG_WARN_BLOCK_CAPTURE_AUTORELEASING = YES;
				CLANG_WARN_BOOL_CONVERSION = YES;
				CLANG_WARN_COMMA = YES;
				CLANG_WARN_CONSTANT_CONVERSION = YES;
				CLANG_WARN_DEPRECATED_OBJC_IMPLEMENTATIONS = YES;
				CLANG_WARN_DIRECT_OBJC_ISA_USAGE = YES_ERROR;
				CLANG_WARN_DOCUMENTATION_COMMENTS = YES;
				CLANG_WARN_EMPTY_BODY = YES;
				CLANG_WARN_ENUM_CONVERSION = YES;
				CLANG_WARN_INFINITE_RECURSION = YES;
				CLANG_WARN_INT_CONVERSION = YES;
				CLANG_WARN_NON_LITERAL_NULL_CONVERSION = YES;
				CLANG_WARN_OBJC_IMPLICIT_RETAIN_SELF = YES;
				CLANG_WARN_OBJC_LITERAL_CONVERSION = YES;
				CLANG_WARN_OBJC_ROOT_CLASS = YES_ERROR;
				CLANG_WARN_RANGE_LOOP_ANALYSIS = YES;
				CLANG_WARN_STRICT_PROTOTYPES = YES;
				CLANG_WARN_SUSPICIOUS_MOVE = YES;
				CLANG_WARN_UNGUARDED_AVAILABILITY = YES_AGGRESSIVE;
				CLANG_WARN_UNREACHABLE_CODE = YES;
				CLANG_WARN__DUPLICATE_METHOD_MATCH = YES;
				CODE_SIGN_IDENTITY = "Mac Developer";
				COPY_PHASE_STRIP = NO;
				DEBUG_INFORMATION_FORMAT = "dwarf-with-dsym";
				ENABLE_NS_ASSERTIONS = NO;
				ENABLE_STRICT_OBJC_MSGSEND = YES;
				GCC_C_LANGUAGE_STANDARD = gnu11;
				GCC_NO_COMMON_BLOCKS = YES;
				GCC_WARN_64_TO_32_BIT_CONVERSION = YES;
				GCC_WARN_ABOUT_RETURN_TYPE = YES_ERROR;
				GCC_WARN_UNDECLARED_SELECTOR = YES;
				GCC_WARN_UNINITIALIZED_AUTOS = YES_AGGRESSIVE;
				GCC_WARN_UNUSED_FUNCTION = YES;
				GCC_WARN_UNUSED_VARIABLE = YES;
				MACOSX_DEPLOYMENT_TARGET = 10.13;
				MTL_ENABLE_DEBUG_INFO = NO;
				MTL_FAST_MATH = YES;
				SDKROOT = macosx;
				SWIFT_COMPILATION_MODE = wholemodule;
				SWIFT_OPTIMIZATION_LEVEL = "-O";
			};
			name = Release;
		};
		C7AE8A7A22434E59001EC64A /* Debug */ = {
			isa = XCBuildConfiguration;
			baseConfigurationReference = DF75002819B65626EA81721D /* Pods-ZKPlayground.debug.xcconfig */;
			buildSettings = {
				ASSETCATALOG_COMPILER_APPICON_NAME = AppIcon;
				CODE_SIGN_IDENTITY = "Mac Developer";
				CODE_SIGN_STYLE = Automatic;
				COMBINE_HIDPI_IMAGES = YES;
				DEVELOPMENT_TEAM = QS2K96ZEMY;
				ENABLE_HARDENED_RUNTIME = YES;
				INFOPLIST_FILE = ZKPlayground/Info.plist;
				LD_RUNPATH_SEARCH_PATHS = (
					"$(inherited)",
					"@executable_path/../Frameworks",
				);
				PRODUCT_BUNDLE_IDENTIFIER = app.composite.ZKPlayground;
				PRODUCT_NAME = "$(TARGET_NAME)";
				PROVISIONING_PROFILE_SPECIFIER = "";
				SWIFT_VERSION = 4.2;
			};
			name = Debug;
		};
		C7AE8A7B22434E59001EC64A /* Release */ = {
			isa = XCBuildConfiguration;
			baseConfigurationReference = 5BA9AA319AFCAAB284D17829 /* Pods-ZKPlayground.release.xcconfig */;
			buildSettings = {
				ASSETCATALOG_COMPILER_APPICON_NAME = AppIcon;
				CODE_SIGN_IDENTITY = "Mac Developer";
				CODE_SIGN_STYLE = Automatic;
				COMBINE_HIDPI_IMAGES = YES;
				DEVELOPMENT_TEAM = QS2K96ZEMY;
				ENABLE_HARDENED_RUNTIME = YES;
				INFOPLIST_FILE = ZKPlayground/Info.plist;
				LD_RUNPATH_SEARCH_PATHS = (
					"$(inherited)",
					"@executable_path/../Frameworks",
				);
				PRODUCT_BUNDLE_IDENTIFIER = app.composite.ZKPlayground;
				PRODUCT_NAME = "$(TARGET_NAME)";
				PROVISIONING_PROFILE_SPECIFIER = "";
				SWIFT_VERSION = 4.2;
			};
			name = Release;
		};
		C7AE8A7D22434E59001EC64A /* Debug */ = {
			isa = XCBuildConfiguration;
			baseConfigurationReference = 526210C7FBCB42D5498BCA55 /* Pods-ZKPlaygroundTests.debug.xcconfig */;
			buildSettings = {
				ALWAYS_EMBED_SWIFT_STANDARD_LIBRARIES = YES;
				BUNDLE_LOADER = "$(TEST_HOST)";
				CODE_SIGN_STYLE = Automatic;
				COMBINE_HIDPI_IMAGES = YES;
				DEVELOPMENT_TEAM = QS2K96ZEMY;
				INFOPLIST_FILE = ZKPlaygroundTests/Info.plist;
				LD_RUNPATH_SEARCH_PATHS = (
					"$(inherited)",
					"@executable_path/../Frameworks",
					"@loader_path/../Frameworks",
				);
				PRODUCT_BUNDLE_IDENTIFIER = app.composite.ZKPlaygroundTests;
				PRODUCT_NAME = "$(TARGET_NAME)";
				SWIFT_VERSION = 4.2;
				TEST_HOST = "$(BUILT_PRODUCTS_DIR)/ZKPlayground.app/Contents/MacOS/ZKPlayground";
			};
			name = Debug;
		};
		C7AE8A7E22434E59001EC64A /* Release */ = {
			isa = XCBuildConfiguration;
			baseConfigurationReference = CD92BEDFC397D6BE20E8D2FE /* Pods-ZKPlaygroundTests.release.xcconfig */;
			buildSettings = {
				ALWAYS_EMBED_SWIFT_STANDARD_LIBRARIES = YES;
				BUNDLE_LOADER = "$(TEST_HOST)";
				CODE_SIGN_STYLE = Automatic;
				COMBINE_HIDPI_IMAGES = YES;
				DEVELOPMENT_TEAM = QS2K96ZEMY;
				INFOPLIST_FILE = ZKPlaygroundTests/Info.plist;
				LD_RUNPATH_SEARCH_PATHS = (
					"$(inherited)",
					"@executable_path/../Frameworks",
					"@loader_path/../Frameworks",
				);
				PRODUCT_BUNDLE_IDENTIFIER = app.composite.ZKPlaygroundTests;
				PRODUCT_NAME = "$(TARGET_NAME)";
				SWIFT_VERSION = 4.2;
				TEST_HOST = "$(BUILT_PRODUCTS_DIR)/ZKPlayground.app/Contents/MacOS/ZKPlayground";
			};
			name = Release;
		};
/* End XCBuildConfiguration section */

/* Begin XCConfigurationList section */
		C7AE8A5722434E55001EC64A /* Build configuration list for PBXProject "ZKPlayground" */ = {
			isa = XCConfigurationList;
			buildConfigurations = (
				C7AE8A7722434E59001EC64A /* Debug */,
				C7AE8A7822434E59001EC64A /* Release */,
			);
			defaultConfigurationIsVisible = 0;
			defaultConfigurationName = Release;
		};
		C7AE8A7922434E59001EC64A /* Build configuration list for PBXNativeTarget "ZKPlayground" */ = {
			isa = XCConfigurationList;
			buildConfigurations = (
				C7AE8A7A22434E59001EC64A /* Debug */,
				C7AE8A7B22434E59001EC64A /* Release */,
			);
			defaultConfigurationIsVisible = 0;
			defaultConfigurationName = Release;
		};
		C7AE8A7C22434E59001EC64A /* Build configuration list for PBXNativeTarget "ZKPlaygroundTests" */ = {
			isa = XCConfigurationList;
			buildConfigurations = (
				C7AE8A7D22434E59001EC64A /* Debug */,
				C7AE8A7E22434E59001EC64A /* Release */,
			);
			defaultConfigurationIsVisible = 0;
			defaultConfigurationName = Release;
		};
/* End XCConfigurationList section */
	};
	rootObject = C7AE8A5422434E55001EC64A /* Project object */;
}
